// !$*UTF8*$!
{
	archiveVersion = 1;
	classes = {
	};
	objectVersion = 48;
	objects = {

/* Begin PBXBuildFile section */
		CA449B6A1FBD9248004E83DE /* AppDelegate.swift in Sources */ = {isa = PBXBuildFile; fileRef = CA449B691FBD9248004E83DE /* AppDelegate.swift */; };
		CA449B6C1FBD9248004E83DE /* ViewController.swift in Sources */ = {isa = PBXBuildFile; fileRef = CA449B6B1FBD9248004E83DE /* ViewController.swift */; };
		CA449B6E1FBD9248004E83DE /* Assets.xcassets in Resources */ = {isa = PBXBuildFile; fileRef = CA449B6D1FBD9248004E83DE /* Assets.xcassets */; };
		CA449B711FBD9248004E83DE /* Main.storyboard in Resources */ = {isa = PBXBuildFile; fileRef = CA449B6F1FBD9248004E83DE /* Main.storyboard */; };
		CAD6AB051FBD99C300DF5EFB /* JsonParser.swift in Sources */ = {isa = PBXBuildFile; fileRef = CAD6AB041FBD99C300DF5EFB /* JsonParser.swift */; };
		CAD6AB071FBD9EE100DF5EFB /* Generator.swift in Sources */ = {isa = PBXBuildFile; fileRef = CAD6AB061FBD9EE100DF5EFB /* Generator.swift */; };
/* End PBXBuildFile section */

/* Begin PBXFileReference section */
		CA449B661FBD9248004E83DE /* LocalizableGenerator.app */ = {isa = PBXFileReference; explicitFileType = wrapper.application; includeInIndex = 0; path = LocalizableGenerator.app; sourceTree = BUILT_PRODUCTS_DIR; };
		CA449B691FBD9248004E83DE /* AppDelegate.swift */ = {isa = PBXFileReference; lastKnownFileType = sourcecode.swift; path = AppDelegate.swift; sourceTree = "<group>"; };
		CA449B6B1FBD9248004E83DE /* ViewController.swift */ = {isa = PBXFileReference; lastKnownFileType = sourcecode.swift; path = ViewController.swift; sourceTree = "<group>"; };
		CA449B6D1FBD9248004E83DE /* Assets.xcassets */ = {isa = PBXFileReference; lastKnownFileType = folder.assetcatalog; path = Assets.xcassets; sourceTree = "<group>"; };
		CA449B701FBD9248004E83DE /* Base */ = {isa = PBXFileReference; lastKnownFileType = file.storyboard; name = Base; path = Base.lproj/Main.storyboard; sourceTree = "<group>"; };
		CA449B721FBD9249004E83DE /* Info.plist */ = {isa = PBXFileReference; lastKnownFileType = text.plist.xml; path = Info.plist; sourceTree = "<group>"; };
		CA449B731FBD9249004E83DE /* LocalizableGenerator.entitlements */ = {isa = PBXFileReference; lastKnownFileType = text.plist.entitlements; path = LocalizableGenerator.entitlements; sourceTree = "<group>"; };
		CA58D8421FCB771400765816 /* README.md */ = {isa = PBXFileReference; lastKnownFileType = net.daringfireball.markdown; path = README.md; sourceTree = "<group>"; };
		CAD6AB041FBD99C300DF5EFB /* JsonParser.swift */ = {isa = PBXFileReference; lastKnownFileType = sourcecode.swift; path = JsonParser.swift; sourceTree = "<group>"; };
		CAD6AB061FBD9EE100DF5EFB /* Generator.swift */ = {isa = PBXFileReference; lastKnownFileType = sourcecode.swift; path = Generator.swift; sourceTree = "<group>"; };
/* End PBXFileReference section */

/* Begin PBXFrameworksBuildPhase section */
		CA449B631FBD9248004E83DE /* Frameworks */ = {
			isa = PBXFrameworksBuildPhase;
			buildActionMask = 2147483647;
			files = (
			);
			runOnlyForDeploymentPostprocessing = 0;
		};
/* End PBXFrameworksBuildPhase section */

/* Begin PBXGroup section */
		CA449B5D1FBD9248004E83DE = {
			isa = PBXGroup;
			children = (
				CA58D8421FCB771400765816 /* README.md */,
				CA449B681FBD9248004E83DE /* LocalizableGenerator */,
				CA449B671FBD9248004E83DE /* Products */,
			);
			sourceTree = "<group>";
		};
		CA449B671FBD9248004E83DE /* Products */ = {
			isa = PBXGroup;
			children = (
				CA449B661FBD9248004E83DE /* LocalizableGenerator.app */,
			);
			name = Products;
			sourceTree = "<group>";
		};
		CA449B681FBD9248004E83DE /* LocalizableGenerator */ = {
			isa = PBXGroup;
			children = (
				CA449B691FBD9248004E83DE /* AppDelegate.swift */,
				CA449B6B1FBD9248004E83DE /* ViewController.swift */,
				CA449B6D1FBD9248004E83DE /* Assets.xcassets */,
				CA449B6F1FBD9248004E83DE /* Main.storyboard */,
				CA449B721FBD9249004E83DE /* Info.plist */,
				CA449B731FBD9249004E83DE /* LocalizableGenerator.entitlements */,
				CAD6AB041FBD99C300DF5EFB /* JsonParser.swift */,
				CAD6AB061FBD9EE100DF5EFB /* Generator.swift */,
			);
			path = LocalizableGenerator;
			sourceTree = "<group>";
		};
/* End PBXGroup section */

/* Begin PBXNativeTarget section */
		CA449B651FBD9248004E83DE /* LocalizableGenerator */ = {
			isa = PBXNativeTarget;
			buildConfigurationList = CA449B761FBD9249004E83DE /* Build configuration list for PBXNativeTarget "LocalizableGenerator" */;
			buildPhases = (
				CA449B621FBD9248004E83DE /* Sources */,
				CA449B631FBD9248004E83DE /* Frameworks */,
				CA449B641FBD9248004E83DE /* Resources */,
			);
			buildRules = (
			);
			dependencies = (
			);
			name = LocalizableGenerator;
			productName = LocalizableGenerator;
			productReference = CA449B661FBD9248004E83DE /* LocalizableGenerator.app */;
			productType = "com.apple.product-type.application";
		};
/* End PBXNativeTarget section */

/* Begin PBXProject section */
		CA449B5E1FBD9248004E83DE /* Project object */ = {
			isa = PBXProject;
			attributes = {
				LastSwiftUpdateCheck = 0910;
				LastUpgradeCheck = 0910;
				ORGANIZATIONNAME = "Myworkout AS";
				TargetAttributes = {
					CA449B651FBD9248004E83DE = {
						CreatedOnToolsVersion = 9.1;
						ProvisioningStyle = Automatic;
					};
				};
			};
			buildConfigurationList = CA449B611FBD9248004E83DE /* Build configuration list for PBXProject "LocalizableGenerator" */;
			compatibilityVersion = "Xcode 8.0";
			developmentRegion = en;
			hasScannedForEncodings = 0;
			knownRegions = (
				en,
				Base,
			);
			mainGroup = CA449B5D1FBD9248004E83DE;
			productRefGroup = CA449B671FBD9248004E83DE /* Products */;
			projectDirPath = "";
			projectRoot = "";
			targets = (
				CA449B651FBD9248004E83DE /* LocalizableGenerator */,
			);
		};
/* End PBXProject section */

/* Begin PBXResourcesBuildPhase section */
		CA449B641FBD9248004E83DE /* Resources */ = {
			isa = PBXResourcesBuildPhase;
			buildActionMask = 2147483647;
			files = (
				CA449B6E1FBD9248004E83DE /* Assets.xcassets in Resources */,
				CA449B711FBD9248004E83DE /* Main.storyboard in Resources */,
			);
			runOnlyForDeploymentPostprocessing = 0;
		};
/* End PBXResourcesBuildPhase section */

/* Begin PBXSourcesBuildPhase section */
		CA449B621FBD9248004E83DE /* Sources */ = {
			isa = PBXSourcesBuildPhase;
			buildActionMask = 2147483647;
			files = (
				CA449B6C1FBD9248004E83DE /* ViewController.swift in Sources */,
				CAD6AB071FBD9EE100DF5EFB /* Generator.swift in Sources */,
				CA449B6A1FBD9248004E83DE /* AppDelegate.swift in Sources */,
				CAD6AB051FBD99C300DF5EFB /* JsonParser.swift in Sources */,
			);
			runOnlyForDeploymentPostprocessing = 0;
		};
/* End PBXSourcesBuildPhase section */

/* Begin PBXVariantGroup section */
		CA449B6F1FBD9248004E83DE /* Main.storyboard */ = {
			isa = PBXVariantGroup;
			children = (
				CA449B701FBD9248004E83DE /* Base */,
			);
			name = Main.storyboard;
			sourceTree = "<group>";
		};
/* End PBXVariantGroup section */

/* Begin XCBuildConfiguration section */
		CA449B741FBD9249004E83DE /* Debug */ = {
			isa = XCBuildConfiguration;
			buildSettings = {
				ALWAYS_SEARCH_USER_PATHS = NO;
				CLANG_ANALYZER_NONNULL = YES;
				CLANG_ANALYZER_NUMBER_OBJECT_CONVERSION = YES_AGGRESSIVE;
				CLANG_CXX_LANGUAGE_STANDARD = "gnu++14";
				CLANG_CXX_LIBRARY = "libc++";
				CLANG_ENABLE_MODULES = YES;
				CLANG_ENABLE_OBJC_ARC = YES;
				CLANG_WARN_BLOCK_CAPTURE_AUTORELEASING = YES;
				CLANG_WARN_BOOL_CONVERSION = YES;
				CLANG_WARN_COMMA = YES;
				CLANG_WARN_CONSTANT_CONVERSION = YES;
				CLANG_WARN_DIRECT_OBJC_ISA_USAGE = YES_ERROR;
				CLANG_WARN_DOCUMENTATION_COMMENTS = YES;
				CLANG_WARN_EMPTY_BODY = YES;
				CLANG_WARN_ENUM_CONVERSION = YES;
				CLANG_WARN_INFINITE_RECURSION = YES;
				CLANG_WARN_INT_CONVERSION = YES;
				CLANG_WARN_NON_LITERAL_NULL_CONVERSION = YES;
				CLANG_WARN_OBJC_LITERAL_CONVERSION = YES;
				CLANG_WARN_OBJC_ROOT_CLASS = YES_ERROR;
				CLANG_WARN_RANGE_LOOP_ANALYSIS = YES;
				CLANG_WARN_STRICT_PROTOTYPES = YES;
				CLANG_WARN_SUSPICIOUS_MOVE = YES;
				CLANG_WARN_UNGUARDED_AVAILABILITY = YES_AGGRESSIVE;
				CLANG_WARN_UNREACHABLE_CODE = YES;
				CLANG_WARN__DUPLICATE_METHOD_MATCH = YES;
				CODE_SIGN_IDENTITY = "-";
				COPY_PHASE_STRIP = NO;
				DEBUG_INFORMATION_FORMAT = dwarf;
				ENABLE_STRICT_OBJC_MSGSEND = YES;
				ENABLE_TESTABILITY = YES;
				GCC_C_LANGUAGE_STANDARD = gnu11;
				GCC_DYNAMIC_NO_PIC = NO;
				GCC_NO_COMMON_BLOCKS = YES;
				GCC_OPTIMIZATION_LEVEL = 0;
				GCC_PREPROCESSOR_DEFINITIONS = (
					"DEBUG=1",
					"$(inherited)",
				);
				GCC_WARN_64_TO_32_BIT_CONVERSION = YES;
				GCC_WARN_ABOUT_RETURN_TYPE = YES_ERROR;
				GCC_WARN_UNDECLARED_SELECTOR = YES;
				GCC_WARN_UNINITIALIZED_AUTOS = YES_AGGRESSIVE;
				GCC_WARN_UNUSED_FUNCTION = YES;
				GCC_WARN_UNUSED_VARIABLE = YES;
				MACOSX_DEPLOYMENT_TARGET = 10.13;
				MTL_ENABLE_DEBUG_INFO = YES;
				ONLY_ACTIVE_ARCH = YES;
				SDKROOT = macosx;
				SWIFT_ACTIVE_COMPILATION_CONDITIONS = DEBUG;
				SWIFT_OPTIMIZATION_LEVEL = "-Onone";
			};
			name = Debug;
		};
		CA449B751FBD9249004E83DE /* Release */ = {
			isa = XCBuildConfiguration;
			buildSettings = {
				ALWAYS_SEARCH_USER_PATHS = NO;
				CLANG_ANALYZER_NONNULL = YES;
				CLANG_ANALYZER_NUMBER_OBJECT_CONVERSION = YES_AGGRESSIVE;
				CLANG_CXX_LANGUAGE_STANDARD = "gnu++14";
				CLANG_CXX_LIBRARY = "libc++";
				CLANG_ENABLE_MODULES = YES;
				CLANG_ENABLE_OBJC_ARC = YES;
				CLANG_WARN_BLOCK_CAPTURE_AUTORELEASING = YES;
				CLANG_WARN_BOOL_CONVERSION = YES;
				CLANG_WARN_COMMA = YES;
				CLANG_WARN_CONSTANT_CONVERSION = YES;
				CLANG_WARN_DIRECT_OBJC_ISA_USAGE = YES_ERROR;
				CLANG_WARN_DOCUMENTATION_COMMENTS = YES;
				CLANG_WARN_EMPTY_BODY = YES;
				CLANG_WARN_ENUM_CONVERSION = YES;
				CLANG_WARN_INFINITE_RECURSION = YES;
				CLANG_WARN_INT_CONVERSION = YES;
				CLANG_WARN_NON_LITERAL_NULL_CONVERSION = YES;
				CLANG_WARN_OBJC_LITERAL_CONVERSION = YES;
				CLANG_WARN_OBJC_ROOT_CLASS = YES_ERROR;
				CLANG_WARN_RANGE_LOOP_ANALYSIS = YES;
				CLANG_WARN_STRICT_PROTOTYPES = YES;
				CLANG_WARN_SUSPICIOUS_MOVE = YES;
				CLANG_WARN_UNGUARDED_AVAILABILITY = YES_AGGRESSIVE;
				CLANG_WARN_UNREACHABLE_CODE = YES;
				CLANG_WARN__DUPLICATE_METHOD_MATCH = YES;
				CODE_SIGN_IDENTITY = "-";
				COPY_PHASE_STRIP = NO;
				DEBUG_INFORMATION_FORMAT = "dwarf-with-dsym";
				ENABLE_NS_ASSERTIONS = NO;
				ENABLE_STRICT_OBJC_MSGSEND = YES;
				GCC_C_LANGUAGE_STANDARD = gnu11;
				GCC_NO_COMMON_BLOCKS = YES;
				GCC_WARN_64_TO_32_BIT_CONVERSION = YES;
				GCC_WARN_ABOUT_RETURN_TYPE = YES_ERROR;
				GCC_WARN_UNDECLARED_SELECTOR = YES;
				GCC_WARN_UNINITIALIZED_AUTOS = YES_AGGRESSIVE;
				GCC_WARN_UNUSED_FUNCTION = YES;
				GCC_WARN_UNUSED_VARIABLE = YES;
				MACOSX_DEPLOYMENT_TARGET = 10.13;
				MTL_ENABLE_DEBUG_INFO = NO;
				SDKROOT = macosx;
				SWIFT_OPTIMIZATION_LEVEL = "-Owholemodule";
			};
			name = Release;
		};
		CA449B771FBD9249004E83DE /* Debug */ = {
			isa = XCBuildConfiguration;
			buildSettings = {
				ASSETCATALOG_COMPILER_APPICON_NAME = AppIcon;
				CODE_SIGN_ENTITLEMENTS = LocalizableGenerator/LocalizableGenerator.entitlements;
				CODE_SIGN_STYLE = Automatic;
				COMBINE_HIDPI_IMAGES = YES;
				INFOPLIST_FILE = LocalizableGenerator/Info.plist;
				LD_RUNPATH_SEARCH_PATHS = "$(inherited) @executable_path/../Frameworks";
				PRODUCT_BUNDLE_IDENTIFIER = no.myworkout.LocalizableGenerator;
				PRODUCT_NAME = "$(TARGET_NAME)";
				SWIFT_VERSION = 4.0;
			};
			name = Debug;
		};
		CA449B781FBD9249004E83DE /* Release */ = {
			isa = XCBuildConfiguration;
			buildSettings = {
				ASSETCATALOG_COMPILER_APPICON_NAME = AppIcon;
				CODE_SIGN_ENTITLEMENTS = LocalizableGenerator/LocalizableGenerator.entitlements;
				CODE_SIGN_STYLE = Automatic;
				COMBINE_HIDPI_IMAGES = YES;
				INFOPLIST_FILE = LocalizableGenerator/Info.plist;
				LD_RUNPATH_SEARCH_PATHS = "$(inherited) @executable_path/../Frameworks";
				PRODUCT_BUNDLE_IDENTIFIER = no.myworkout.LocalizableGenerator;
				PRODUCT_NAME = "$(TARGET_NAME)";
				SWIFT_VERSION = 4.0;
			};
			name = Release;
		};
/* End XCBuildConfiguration section */

/* Begin XCConfigurationList section */
		CA449B611FBD9248004E83DE /* Build configuration list for PBXProject "LocalizableGenerator" */ = {
			isa = XCConfigurationList;
			buildConfigurations = (
				CA449B741FBD9249004E83DE /* Debug */,
				CA449B751FBD9249004E83DE /* Release */,
			);
			defaultConfigurationIsVisible = 0;
			defaultConfigurationName = Release;
		};
		CA449B761FBD9249004E83DE /* Build configuration list for PBXNativeTarget "LocalizableGenerator" */ = {
			isa = XCConfigurationList;
			buildConfigurations = (
				CA449B771FBD9249004E83DE /* Debug */,
				CA449B781FBD9249004E83DE /* Release */,
			);
			defaultConfigurationIsVisible = 0;
			defaultConfigurationName = Release;
		};
/* End XCConfigurationList section */
	};
	rootObject = CA449B5E1FBD9248004E83DE /* Project object */;
}
